// !$*UTF8*$!
{
	archiveVersion = 1;
	classes = {
	};
	objectVersion = 50;
	objects = {

/* Begin PBXBuildFile section */
		039F7ABF21DF84E200127F0A /* AppDelegate.swift in Sources */ = {isa = PBXBuildFile; fileRef = 039F7ABE21DF84E200127F0A /* AppDelegate.swift */; };
		039F7AC621DF84E200127F0A /* Assets.xcassets in Resources */ = {isa = PBXBuildFile; fileRef = 039F7AC521DF84E200127F0A /* Assets.xcassets */; };
		039F7AC921DF84E200127F0A /* LaunchScreen.storyboard in Resources */ = {isa = PBXBuildFile; fileRef = 039F7AC721DF84E200127F0A /* LaunchScreen.storyboard */; };
		039F7AD421DF84E200127F0A /* audio_recognizerTests.swift in Sources */ = {isa = PBXBuildFile; fileRef = 039F7AD321DF84E200127F0A /* audio_recognizerTests.swift */; };
		039F7ADF21DF84E200127F0A /* audio_recognizerUITests.swift in Sources */ = {isa = PBXBuildFile; fileRef = 039F7ADE21DF84E200127F0A /* audio_recognizerUITests.swift */; };
		03A8FFEE21DF895100EF8EF9 /* HomeViewController.swift in Sources */ = {isa = PBXBuildFile; fileRef = 03A8FFEC21DF895100EF8EF9 /* HomeViewController.swift */; };
		03A8FFEF21DF895100EF8EF9 /* HomeViewController.xib in Resources */ = {isa = PBXBuildFile; fileRef = 03A8FFED21DF895100EF8EF9 /* HomeViewController.xib */; };
		0E793443733A1B64B1DFD17C /* Pods_audio_recognizerUITests.framework in Frameworks */ = {isa = PBXBuildFile; fileRef = B7DB749C47C1CC2A286AD296 /* Pods_audio_recognizerUITests.framework */; };
		31364C3B2586D48469BB0EAD /* Pods_audio_recognizerTests.framework in Frameworks */ = {isa = PBXBuildFile; fileRef = 51767F6E3E19C0E66CC4C1D2 /* Pods_audio_recognizerTests.framework */; };
		9E5514AB5EC1BEBDFD0F5A06 /* Pods_audio_recognizer.framework in Frameworks */ = {isa = PBXBuildFile; fileRef = 22928F0CCC0FBACFF794297F /* Pods_audio_recognizer.framework */; };
/* End PBXBuildFile section */

/* Begin PBXContainerItemProxy section */
		039F7AD021DF84E200127F0A /* PBXContainerItemProxy */ = {
			isa = PBXContainerItemProxy;
			containerPortal = 039F7AB321DF84E200127F0A /* Project object */;
			proxyType = 1;
			remoteGlobalIDString = 039F7ABA21DF84E200127F0A;
			remoteInfo = "audio-recognizer";
		};
		039F7ADB21DF84E200127F0A /* PBXContainerItemProxy */ = {
			isa = PBXContainerItemProxy;
			containerPortal = 039F7AB321DF84E200127F0A /* Project object */;
			proxyType = 1;
			remoteGlobalIDString = 039F7ABA21DF84E200127F0A;
			remoteInfo = "audio-recognizer";
		};
/* End PBXContainerItemProxy section */

/* Begin PBXFileReference section */
		039F7ABB21DF84E200127F0A /* audio-recognizer.app */ = {isa = PBXFileReference; explicitFileType = wrapper.application; includeInIndex = 0; path = "audio-recognizer.app"; sourceTree = BUILT_PRODUCTS_DIR; };
		039F7ABE21DF84E200127F0A /* AppDelegate.swift */ = {isa = PBXFileReference; lastKnownFileType = sourcecode.swift; path = AppDelegate.swift; sourceTree = "<group>"; };
		039F7AC521DF84E200127F0A /* Assets.xcassets */ = {isa = PBXFileReference; lastKnownFileType = folder.assetcatalog; path = Assets.xcassets; sourceTree = "<group>"; };
		039F7AC821DF84E200127F0A /* Base */ = {isa = PBXFileReference; lastKnownFileType = file.storyboard; name = Base; path = Base.lproj/LaunchScreen.storyboard; sourceTree = "<group>"; };
		039F7ACA21DF84E200127F0A /* Info.plist */ = {isa = PBXFileReference; lastKnownFileType = text.plist.xml; path = Info.plist; sourceTree = "<group>"; };
		039F7ACF21DF84E200127F0A /* audio-recognizerTests.xctest */ = {isa = PBXFileReference; explicitFileType = wrapper.cfbundle; includeInIndex = 0; path = "audio-recognizerTests.xctest"; sourceTree = BUILT_PRODUCTS_DIR; };
		039F7AD321DF84E200127F0A /* audio_recognizerTests.swift */ = {isa = PBXFileReference; lastKnownFileType = sourcecode.swift; path = audio_recognizerTests.swift; sourceTree = "<group>"; };
		039F7AD521DF84E200127F0A /* Info.plist */ = {isa = PBXFileReference; lastKnownFileType = text.plist.xml; path = Info.plist; sourceTree = "<group>"; };
		039F7ADA21DF84E200127F0A /* audio-recognizerUITests.xctest */ = {isa = PBXFileReference; explicitFileType = wrapper.cfbundle; includeInIndex = 0; path = "audio-recognizerUITests.xctest"; sourceTree = BUILT_PRODUCTS_DIR; };
		039F7ADE21DF84E200127F0A /* audio_recognizerUITests.swift */ = {isa = PBXFileReference; lastKnownFileType = sourcecode.swift; path = audio_recognizerUITests.swift; sourceTree = "<group>"; };
		039F7AE021DF84E200127F0A /* Info.plist */ = {isa = PBXFileReference; lastKnownFileType = text.plist.xml; path = Info.plist; sourceTree = "<group>"; };
		03A8FFEC21DF895100EF8EF9 /* HomeViewController.swift */ = {isa = PBXFileReference; lastKnownFileType = sourcecode.swift; path = HomeViewController.swift; sourceTree = "<group>"; };
		03A8FFED21DF895100EF8EF9 /* HomeViewController.xib */ = {isa = PBXFileReference; lastKnownFileType = file.xib; path = HomeViewController.xib; sourceTree = "<group>"; };
		22928F0CCC0FBACFF794297F /* Pods_audio_recognizer.framework */ = {isa = PBXFileReference; explicitFileType = wrapper.framework; includeInIndex = 0; path = Pods_audio_recognizer.framework; sourceTree = BUILT_PRODUCTS_DIR; };
		2D7B91F05AA9258A438B68E7 /* Pods-audio-recognizerUITests.debug.xcconfig */ = {isa = PBXFileReference; includeInIndex = 1; lastKnownFileType = text.xcconfig; name = "Pods-audio-recognizerUITests.debug.xcconfig"; path = "Pods/Target Support Files/Pods-audio-recognizerUITests/Pods-audio-recognizerUITests.debug.xcconfig"; sourceTree = "<group>"; };
		2DE86794A8B2528B4A5B8DC1 /* Pods-audio-recognizer.release.xcconfig */ = {isa = PBXFileReference; includeInIndex = 1; lastKnownFileType = text.xcconfig; name = "Pods-audio-recognizer.release.xcconfig"; path = "Pods/Target Support Files/Pods-audio-recognizer/Pods-audio-recognizer.release.xcconfig"; sourceTree = "<group>"; };
		35D3D8F75F36A93953D2D253 /* Pods-audio-recognizer.debug.xcconfig */ = {isa = PBXFileReference; includeInIndex = 1; lastKnownFileType = text.xcconfig; name = "Pods-audio-recognizer.debug.xcconfig"; path = "Pods/Target Support Files/Pods-audio-recognizer/Pods-audio-recognizer.debug.xcconfig"; sourceTree = "<group>"; };
		4859E74487151E39295A512E /* Pods-audio-recognizerTests.debug.xcconfig */ = {isa = PBXFileReference; includeInIndex = 1; lastKnownFileType = text.xcconfig; name = "Pods-audio-recognizerTests.debug.xcconfig"; path = "Pods/Target Support Files/Pods-audio-recognizerTests/Pods-audio-recognizerTests.debug.xcconfig"; sourceTree = "<group>"; };
		51767F6E3E19C0E66CC4C1D2 /* Pods_audio_recognizerTests.framework */ = {isa = PBXFileReference; explicitFileType = wrapper.framework; includeInIndex = 0; path = Pods_audio_recognizerTests.framework; sourceTree = BUILT_PRODUCTS_DIR; };
		5FA1E156243B1E436139C857 /* Pods-audio-recognizerTests.release.xcconfig */ = {isa = PBXFileReference; includeInIndex = 1; lastKnownFileType = text.xcconfig; name = "Pods-audio-recognizerTests.release.xcconfig"; path = "Pods/Target Support Files/Pods-audio-recognizerTests/Pods-audio-recognizerTests.release.xcconfig"; sourceTree = "<group>"; };
		7A05C3B10EBCD3EBBC52BEC3 /* Pods-audio-recognizerUITests.release.xcconfig */ = {isa = PBXFileReference; includeInIndex = 1; lastKnownFileType = text.xcconfig; name = "Pods-audio-recognizerUITests.release.xcconfig"; path = "Pods/Target Support Files/Pods-audio-recognizerUITests/Pods-audio-recognizerUITests.release.xcconfig"; sourceTree = "<group>"; };
		B7DB749C47C1CC2A286AD296 /* Pods_audio_recognizerUITests.framework */ = {isa = PBXFileReference; explicitFileType = wrapper.framework; includeInIndex = 0; path = Pods_audio_recognizerUITests.framework; sourceTree = BUILT_PRODUCTS_DIR; };
/* End PBXFileReference section */

/* Begin PBXFrameworksBuildPhase section */
		039F7AB821DF84E200127F0A /* Frameworks */ = {
			isa = PBXFrameworksBuildPhase;
			buildActionMask = 2147483647;
			files = (
				9E5514AB5EC1BEBDFD0F5A06 /* Pods_audio_recognizer.framework in Frameworks */,
			);
			runOnlyForDeploymentPostprocessing = 0;
		};
		039F7ACC21DF84E200127F0A /* Frameworks */ = {
			isa = PBXFrameworksBuildPhase;
			buildActionMask = 2147483647;
			files = (
				31364C3B2586D48469BB0EAD /* Pods_audio_recognizerTests.framework in Frameworks */,
			);
			runOnlyForDeploymentPostprocessing = 0;
		};
		039F7AD721DF84E200127F0A /* Frameworks */ = {
			isa = PBXFrameworksBuildPhase;
			buildActionMask = 2147483647;
			files = (
				0E793443733A1B64B1DFD17C /* Pods_audio_recognizerUITests.framework in Frameworks */,
			);
			runOnlyForDeploymentPostprocessing = 0;
		};
/* End PBXFrameworksBuildPhase section */

/* Begin PBXGroup section */
		039F7AB221DF84E200127F0A = {
			isa = PBXGroup;
			children = (
				039F7ABD21DF84E200127F0A /* audio-recognizer */,
				039F7AD221DF84E200127F0A /* audio-recognizerTests */,
				039F7ADD21DF84E200127F0A /* audio-recognizerUITests */,
				039F7ABC21DF84E200127F0A /* Products */,
				1429B84511C41B6E2092FBD7 /* Pods */,
				67403647B864AB01E7839AA8 /* Frameworks */,
			);
			sourceTree = "<group>";
		};
		039F7ABC21DF84E200127F0A /* Products */ = {
			isa = PBXGroup;
			children = (
				039F7ABB21DF84E200127F0A /* audio-recognizer.app */,
				039F7ACF21DF84E200127F0A /* audio-recognizerTests.xctest */,
				039F7ADA21DF84E200127F0A /* audio-recognizerUITests.xctest */,
			);
			name = Products;
			sourceTree = "<group>";
		};
		039F7ABD21DF84E200127F0A /* audio-recognizer */ = {
			isa = PBXGroup;
			children = (
				03A8FFEA21DF890100EF8EF9 /* Home */,
				039F7ABE21DF84E200127F0A /* AppDelegate.swift */,
				039F7AC521DF84E200127F0A /* Assets.xcassets */,
				039F7AC721DF84E200127F0A /* LaunchScreen.storyboard */,
				039F7ACA21DF84E200127F0A /* Info.plist */,
			);
			path = "audio-recognizer";
			sourceTree = "<group>";
		};
		039F7AD221DF84E200127F0A /* audio-recognizerTests */ = {
			isa = PBXGroup;
			children = (
				039F7AD321DF84E200127F0A /* audio_recognizerTests.swift */,
				039F7AD521DF84E200127F0A /* Info.plist */,
			);
			path = "audio-recognizerTests";
			sourceTree = "<group>";
		};
		039F7ADD21DF84E200127F0A /* audio-recognizerUITests */ = {
			isa = PBXGroup;
			children = (
				039F7ADE21DF84E200127F0A /* audio_recognizerUITests.swift */,
				039F7AE021DF84E200127F0A /* Info.plist */,
			);
			path = "audio-recognizerUITests";
			sourceTree = "<group>";
		};
		03A8FFEA21DF890100EF8EF9 /* Home */ = {
			isa = PBXGroup;
			children = (
				03A8FFEB21DF890F00EF8EF9 /* Domain */,
			);
			path = Home;
			sourceTree = "<group>";
		};
		03A8FFEB21DF890F00EF8EF9 /* Domain */ = {
			isa = PBXGroup;
			children = (
				03A8FFEC21DF895100EF8EF9 /* HomeViewController.swift */,
				03A8FFED21DF895100EF8EF9 /* HomeViewController.xib */,
			);
			path = Domain;
			sourceTree = "<group>";
		};
		1429B84511C41B6E2092FBD7 /* Pods */ = {
			isa = PBXGroup;
			children = (
				35D3D8F75F36A93953D2D253 /* Pods-audio-recognizer.debug.xcconfig */,
				2DE86794A8B2528B4A5B8DC1 /* Pods-audio-recognizer.release.xcconfig */,
				4859E74487151E39295A512E /* Pods-audio-recognizerTests.debug.xcconfig */,
				5FA1E156243B1E436139C857 /* Pods-audio-recognizerTests.release.xcconfig */,
				2D7B91F05AA9258A438B68E7 /* Pods-audio-recognizerUITests.debug.xcconfig */,
				7A05C3B10EBCD3EBBC52BEC3 /* Pods-audio-recognizerUITests.release.xcconfig */,
			);
			name = Pods;
			sourceTree = "<group>";
		};
		67403647B864AB01E7839AA8 /* Frameworks */ = {
			isa = PBXGroup;
			children = (
				22928F0CCC0FBACFF794297F /* Pods_audio_recognizer.framework */,
				51767F6E3E19C0E66CC4C1D2 /* Pods_audio_recognizerTests.framework */,
				B7DB749C47C1CC2A286AD296 /* Pods_audio_recognizerUITests.framework */,
			);
			name = Frameworks;
			sourceTree = "<group>";
		};
/* End PBXGroup section */

/* Begin PBXNativeTarget section */
		039F7ABA21DF84E200127F0A /* audio-recognizer */ = {
			isa = PBXNativeTarget;
			buildConfigurationList = 039F7AE321DF84E200127F0A /* Build configuration list for PBXNativeTarget "audio-recognizer" */;
			buildPhases = (
				BDCF4D6FC69BC1E8DAEACCAD /* [CP] Check Pods Manifest.lock */,
				039F7AB721DF84E200127F0A /* Sources */,
				039F7AB821DF84E200127F0A /* Frameworks */,
				039F7AB921DF84E200127F0A /* Resources */,
				0BF1464BAC82F83B21279A84 /* [CP] Embed Pods Frameworks */,
			);
			buildRules = (
			);
			dependencies = (
			);
			name = "audio-recognizer";
			productName = "audio-recognizer";
			productReference = 039F7ABB21DF84E200127F0A /* audio-recognizer.app */;
			productType = "com.apple.product-type.application";
		};
		039F7ACE21DF84E200127F0A /* audio-recognizerTests */ = {
			isa = PBXNativeTarget;
			buildConfigurationList = 039F7AE621DF84E200127F0A /* Build configuration list for PBXNativeTarget "audio-recognizerTests" */;
			buildPhases = (
				0ACED28A68309F54E6757875 /* [CP] Check Pods Manifest.lock */,
				039F7ACB21DF84E200127F0A /* Sources */,
				039F7ACC21DF84E200127F0A /* Frameworks */,
				039F7ACD21DF84E200127F0A /* Resources */,
			);
			buildRules = (
			);
			dependencies = (
				039F7AD121DF84E200127F0A /* PBXTargetDependency */,
			);
			name = "audio-recognizerTests";
			productName = "audio-recognizerTests";
			productReference = 039F7ACF21DF84E200127F0A /* audio-recognizerTests.xctest */;
			productType = "com.apple.product-type.bundle.unit-test";
		};
		039F7AD921DF84E200127F0A /* audio-recognizerUITests */ = {
			isa = PBXNativeTarget;
			buildConfigurationList = 039F7AE921DF84E200127F0A /* Build configuration list for PBXNativeTarget "audio-recognizerUITests" */;
			buildPhases = (
				45F627C2A2BE989F2A3D4767 /* [CP] Check Pods Manifest.lock */,
				039F7AD621DF84E200127F0A /* Sources */,
				039F7AD721DF84E200127F0A /* Frameworks */,
				039F7AD821DF84E200127F0A /* Resources */,
			);
			buildRules = (
			);
			dependencies = (
				039F7ADC21DF84E200127F0A /* PBXTargetDependency */,
			);
			name = "audio-recognizerUITests";
			productName = "audio-recognizerUITests";
			productReference = 039F7ADA21DF84E200127F0A /* audio-recognizerUITests.xctest */;
			productType = "com.apple.product-type.bundle.ui-testing";
		};
/* End PBXNativeTarget section */

/* Begin PBXProject section */
		039F7AB321DF84E200127F0A /* Project object */ = {
			isa = PBXProject;
			attributes = {
				LastSwiftUpdateCheck = 1010;
				LastUpgradeCheck = 1010;
				ORGANIZATIONNAME = "Leandro Bartsch Thá";
				TargetAttributes = {
					039F7ABA21DF84E200127F0A = {
						CreatedOnToolsVersion = 10.1;
					};
					039F7ACE21DF84E200127F0A = {
						CreatedOnToolsVersion = 10.1;
						TestTargetID = 039F7ABA21DF84E200127F0A;
					};
					039F7AD921DF84E200127F0A = {
						CreatedOnToolsVersion = 10.1;
						TestTargetID = 039F7ABA21DF84E200127F0A;
					};
				};
			};
			buildConfigurationList = 039F7AB621DF84E200127F0A /* Build configuration list for PBXProject "audio-recognizer" */;
			compatibilityVersion = "Xcode 9.3";
			developmentRegion = en;
			hasScannedForEncodings = 0;
			knownRegions = (
				en,
				Base,
			);
			mainGroup = 039F7AB221DF84E200127F0A;
			productRefGroup = 039F7ABC21DF84E200127F0A /* Products */;
			projectDirPath = "";
			projectRoot = "";
			targets = (
				039F7ABA21DF84E200127F0A /* audio-recognizer */,
				039F7ACE21DF84E200127F0A /* audio-recognizerTests */,
				039F7AD921DF84E200127F0A /* audio-recognizerUITests */,
			);
		};
/* End PBXProject section */

/* Begin PBXResourcesBuildPhase section */
		039F7AB921DF84E200127F0A /* Resources */ = {
			isa = PBXResourcesBuildPhase;
			buildActionMask = 2147483647;
			files = (
				039F7AC921DF84E200127F0A /* LaunchScreen.storyboard in Resources */,
				039F7AC621DF84E200127F0A /* Assets.xcassets in Resources */,
				03A8FFEF21DF895100EF8EF9 /* HomeViewController.xib in Resources */,
			);
			runOnlyForDeploymentPostprocessing = 0;
		};
		039F7ACD21DF84E200127F0A /* Resources */ = {
			isa = PBXResourcesBuildPhase;
			buildActionMask = 2147483647;
			files = (
			);
			runOnlyForDeploymentPostprocessing = 0;
		};
		039F7AD821DF84E200127F0A /* Resources */ = {
			isa = PBXResourcesBuildPhase;
			buildActionMask = 2147483647;
			files = (
			);
			runOnlyForDeploymentPostprocessing = 0;
		};
/* End PBXResourcesBuildPhase section */

/* Begin PBXShellScriptBuildPhase section */
		0ACED28A68309F54E6757875 /* [CP] Check Pods Manifest.lock */ = {
			isa = PBXShellScriptBuildPhase;
			buildActionMask = 2147483647;
			files = (
			);
			inputFileListPaths = (
			);
			inputPaths = (
				"${PODS_PODFILE_DIR_PATH}/Podfile.lock",
				"${PODS_ROOT}/Manifest.lock",
			);
			name = "[CP] Check Pods Manifest.lock";
			outputFileListPaths = (
			);
			outputPaths = (
				"$(DERIVED_FILE_DIR)/Pods-audio-recognizerTests-checkManifestLockResult.txt",
			);
			runOnlyForDeploymentPostprocessing = 0;
			shellPath = /bin/sh;
			shellScript = "diff \"${PODS_PODFILE_DIR_PATH}/Podfile.lock\" \"${PODS_ROOT}/Manifest.lock\" > /dev/null\nif [ $? != 0 ] ; then\n    # print error to STDERR\n    echo \"error: The sandbox is not in sync with the Podfile.lock. Run 'pod install' or update your CocoaPods installation.\" >&2\n    exit 1\nfi\n# This output is used by Xcode 'outputs' to avoid re-running this script phase.\necho \"SUCCESS\" > \"${SCRIPT_OUTPUT_FILE_0}\"\n";
			showEnvVarsInLog = 0;
		};
		0BF1464BAC82F83B21279A84 /* [CP] Embed Pods Frameworks */ = {
			isa = PBXShellScriptBuildPhase;
			buildActionMask = 2147483647;
			files = (
			);
			inputFileListPaths = (
			);
			inputPaths = (
				"${SRCROOT}/Pods/Target Support Files/Pods-audio-recognizer/Pods-audio-recognizer-frameworks.sh",
				"${BUILT_PRODUCTS_DIR}/GoogleUtilities/GoogleUtilities.framework",
				"${BUILT_PRODUCTS_DIR}/nanopb/nanopb.framework",
			);
			name = "[CP] Embed Pods Frameworks";
			outputFileListPaths = (
			);
			outputPaths = (
				"${TARGET_BUILD_DIR}/${FRAMEWORKS_FOLDER_PATH}/GoogleUtilities.framework",
				"${TARGET_BUILD_DIR}/${FRAMEWORKS_FOLDER_PATH}/nanopb.framework",
			);
			runOnlyForDeploymentPostprocessing = 0;
			shellPath = /bin/sh;
			shellScript = "\"${SRCROOT}/Pods/Target Support Files/Pods-audio-recognizer/Pods-audio-recognizer-frameworks.sh\"\n";
			showEnvVarsInLog = 0;
		};
		45F627C2A2BE989F2A3D4767 /* [CP] Check Pods Manifest.lock */ = {
			isa = PBXShellScriptBuildPhase;
			buildActionMask = 2147483647;
			files = (
			);
			inputFileListPaths = (
			);
			inputPaths = (
				"${PODS_PODFILE_DIR_PATH}/Podfile.lock",
				"${PODS_ROOT}/Manifest.lock",
			);
			name = "[CP] Check Pods Manifest.lock";
			outputFileListPaths = (
			);
			outputPaths = (
				"$(DERIVED_FILE_DIR)/Pods-audio-recognizerUITests-checkManifestLockResult.txt",
			);
			runOnlyForDeploymentPostprocessing = 0;
			shellPath = /bin/sh;
			shellScript = "diff \"${PODS_PODFILE_DIR_PATH}/Podfile.lock\" \"${PODS_ROOT}/Manifest.lock\" > /dev/null\nif [ $? != 0 ] ; then\n    # print error to STDERR\n    echo \"error: The sandbox is not in sync with the Podfile.lock. Run 'pod install' or update your CocoaPods installation.\" >&2\n    exit 1\nfi\n# This output is used by Xcode 'outputs' to avoid re-running this script phase.\necho \"SUCCESS\" > \"${SCRIPT_OUTPUT_FILE_0}\"\n";
			showEnvVarsInLog = 0;
		};
		BDCF4D6FC69BC1E8DAEACCAD /* [CP] Check Pods Manifest.lock */ = {
			isa = PBXShellScriptBuildPhase;
			buildActionMask = 2147483647;
			files = (
			);
			inputFileListPaths = (
			);
			inputPaths = (
				"${PODS_PODFILE_DIR_PATH}/Podfile.lock",
				"${PODS_ROOT}/Manifest.lock",
			);
			name = "[CP] Check Pods Manifest.lock";
			outputFileListPaths = (
			);
			outputPaths = (
				"$(DERIVED_FILE_DIR)/Pods-audio-recognizer-checkManifestLockResult.txt",
			);
			runOnlyForDeploymentPostprocessing = 0;
			shellPath = /bin/sh;
			shellScript = "diff \"${PODS_PODFILE_DIR_PATH}/Podfile.lock\" \"${PODS_ROOT}/Manifest.lock\" > /dev/null\nif [ $? != 0 ] ; then\n    # print error to STDERR\n    echo \"error: The sandbox is not in sync with the Podfile.lock. Run 'pod install' or update your CocoaPods installation.\" >&2\n    exit 1\nfi\n# This output is used by Xcode 'outputs' to avoid re-running this script phase.\necho \"SUCCESS\" > \"${SCRIPT_OUTPUT_FILE_0}\"\n";
			showEnvVarsInLog = 0;
		};
/* End PBXShellScriptBuildPhase section */

/* Begin PBXSourcesBuildPhase section */
		039F7AB721DF84E200127F0A /* Sources */ = {
			isa = PBXSourcesBuildPhase;
			buildActionMask = 2147483647;
			files = (
				039F7ABF21DF84E200127F0A /* AppDelegate.swift in Sources */,
				03A8FFEE21DF895100EF8EF9 /* HomeViewController.swift in Sources */,
			);
			runOnlyForDeploymentPostprocessing = 0;
		};
		039F7ACB21DF84E200127F0A /* Sources */ = {
			isa = PBXSourcesBuildPhase;
			buildActionMask = 2147483647;
			files = (
				039F7AD421DF84E200127F0A /* audio_recognizerTests.swift in Sources */,
			);
			runOnlyForDeploymentPostprocessing = 0;
		};
		039F7AD621DF84E200127F0A /* Sources */ = {
			isa = PBXSourcesBuildPhase;
			buildActionMask = 2147483647;
			files = (
				039F7ADF21DF84E200127F0A /* audio_recognizerUITests.swift in Sources */,
			);
			runOnlyForDeploymentPostprocessing = 0;
		};
/* End PBXSourcesBuildPhase section */

/* Begin PBXTargetDependency section */
		039F7AD121DF84E200127F0A /* PBXTargetDependency */ = {
			isa = PBXTargetDependency;
			target = 039F7ABA21DF84E200127F0A /* audio-recognizer */;
			targetProxy = 039F7AD021DF84E200127F0A /* PBXContainerItemProxy */;
		};
		039F7ADC21DF84E200127F0A /* PBXTargetDependency */ = {
			isa = PBXTargetDependency;
			target = 039F7ABA21DF84E200127F0A /* audio-recognizer */;
			targetProxy = 039F7ADB21DF84E200127F0A /* PBXContainerItemProxy */;
		};
/* End PBXTargetDependency section */

/* Begin PBXVariantGroup section */
		039F7AC721DF84E200127F0A /* LaunchScreen.storyboard */ = {
			isa = PBXVariantGroup;
			children = (
				039F7AC821DF84E200127F0A /* Base */,
			);
			name = LaunchScreen.storyboard;
			sourceTree = "<group>";
		};
/* End PBXVariantGroup section */

/* Begin XCBuildConfiguration section */
		039F7AE121DF84E200127F0A /* Debug */ = {
			isa = XCBuildConfiguration;
			buildSettings = {
				ALWAYS_SEARCH_USER_PATHS = NO;
				CLANG_ANALYZER_NONNULL = YES;
				CLANG_ANALYZER_NUMBER_OBJECT_CONVERSION = YES_AGGRESSIVE;
				CLANG_CXX_LANGUAGE_STANDARD = "gnu++14";
				CLANG_CXX_LIBRARY = "libc++";
				CLANG_ENABLE_MODULES = YES;
				CLANG_ENABLE_OBJC_ARC = YES;
				CLANG_ENABLE_OBJC_WEAK = YES;
				CLANG_WARN_BLOCK_CAPTURE_AUTORELEASING = YES;
				CLANG_WARN_BOOL_CONVERSION = YES;
				CLANG_WARN_COMMA = YES;
				CLANG_WARN_CONSTANT_CONVERSION = YES;
				CLANG_WARN_DEPRECATED_OBJC_IMPLEMENTATIONS = YES;
				CLANG_WARN_DIRECT_OBJC_ISA_USAGE = YES_ERROR;
				CLANG_WARN_DOCUMENTATION_COMMENTS = YES;
				CLANG_WARN_EMPTY_BODY = YES;
				CLANG_WARN_ENUM_CONVERSION = YES;
				CLANG_WARN_INFINITE_RECURSION = YES;
				CLANG_WARN_INT_CONVERSION = YES;
				CLANG_WARN_NON_LITERAL_NULL_CONVERSION = YES;
				CLANG_WARN_OBJC_IMPLICIT_RETAIN_SELF = YES;
				CLANG_WARN_OBJC_LITERAL_CONVERSION = YES;
				CLANG_WARN_OBJC_ROOT_CLASS = YES_ERROR;
				CLANG_WARN_RANGE_LOOP_ANALYSIS = YES;
				CLANG_WARN_STRICT_PROTOTYPES = YES;
				CLANG_WARN_SUSPICIOUS_MOVE = YES;
				CLANG_WARN_UNGUARDED_AVAILABILITY = YES_AGGRESSIVE;
				CLANG_WARN_UNREACHABLE_CODE = YES;
				CLANG_WARN__DUPLICATE_METHOD_MATCH = YES;
				CODE_SIGN_IDENTITY = "iPhone Developer";
				COPY_PHASE_STRIP = NO;
				DEBUG_INFORMATION_FORMAT = dwarf;
				ENABLE_STRICT_OBJC_MSGSEND = YES;
				ENABLE_TESTABILITY = YES;
				GCC_C_LANGUAGE_STANDARD = gnu11;
				GCC_DYNAMIC_NO_PIC = NO;
				GCC_NO_COMMON_BLOCKS = YES;
				GCC_OPTIMIZATION_LEVEL = 0;
				GCC_PREPROCESSOR_DEFINITIONS = (
					"DEBUG=1",
					"$(inherited)",
				);
				GCC_WARN_64_TO_32_BIT_CONVERSION = YES;
				GCC_WARN_ABOUT_RETURN_TYPE = YES_ERROR;
				GCC_WARN_UNDECLARED_SELECTOR = YES;
				GCC_WARN_UNINITIALIZED_AUTOS = YES_AGGRESSIVE;
				GCC_WARN_UNUSED_FUNCTION = YES;
				GCC_WARN_UNUSED_VARIABLE = YES;
				IPHONEOS_DEPLOYMENT_TARGET = 12.1;
				MTL_ENABLE_DEBUG_INFO = INCLUDE_SOURCE;
				MTL_FAST_MATH = YES;
				ONLY_ACTIVE_ARCH = YES;
				SDKROOT = iphoneos;
				SWIFT_ACTIVE_COMPILATION_CONDITIONS = DEBUG;
				SWIFT_OPTIMIZATION_LEVEL = "-Onone";
			};
			name = Debug;
		};
		039F7AE221DF84E200127F0A /* Release */ = {
			isa = XCBuildConfiguration;
			buildSettings = {
				ALWAYS_SEARCH_USER_PATHS = NO;
				CLANG_ANALYZER_NONNULL = YES;
				CLANG_ANALYZER_NUMBER_OBJECT_CONVERSION = YES_AGGRESSIVE;
				CLANG_CXX_LANGUAGE_STANDARD = "gnu++14";
				CLANG_CXX_LIBRARY = "libc++";
				CLANG_ENABLE_MODULES = YES;
				CLANG_ENABLE_OBJC_ARC = YES;
				CLANG_ENABLE_OBJC_WEAK = YES;
				CLANG_WARN_BLOCK_CAPTURE_AUTORELEASING = YES;
				CLANG_WARN_BOOL_CONVERSION = YES;
				CLANG_WARN_COMMA = YES;
				CLANG_WARN_CONSTANT_CONVERSION = YES;
				CLANG_WARN_DEPRECATED_OBJC_IMPLEMENTATIONS = YES;
				CLANG_WARN_DIRECT_OBJC_ISA_USAGE = YES_ERROR;
				CLANG_WARN_DOCUMENTATION_COMMENTS = YES;
				CLANG_WARN_EMPTY_BODY = YES;
				CLANG_WARN_ENUM_CONVERSION = YES;
				CLANG_WARN_INFINITE_RECURSION = YES;
				CLANG_WARN_INT_CONVERSION = YES;
				CLANG_WARN_NON_LITERAL_NULL_CONVERSION = YES;
				CLANG_WARN_OBJC_IMPLICIT_RETAIN_SELF = YES;
				CLANG_WARN_OBJC_LITERAL_CONVERSION = YES;
				CLANG_WARN_OBJC_ROOT_CLASS = YES_ERROR;
				CLANG_WARN_RANGE_LOOP_ANALYSIS = YES;
				CLANG_WARN_STRICT_PROTOTYPES = YES;
				CLANG_WARN_SUSPICIOUS_MOVE = YES;
				CLANG_WARN_UNGUARDED_AVAILABILITY = YES_AGGRESSIVE;
				CLANG_WARN_UNREACHABLE_CODE = YES;
				CLANG_WARN__DUPLICATE_METHOD_MATCH = YES;
				CODE_SIGN_IDENTITY = "iPhone Developer";
				COPY_PHASE_STRIP = NO;
				DEBUG_INFORMATION_FORMAT = "dwarf-with-dsym";
				ENABLE_NS_ASSERTIONS = NO;
				ENABLE_STRICT_OBJC_MSGSEND = YES;
				GCC_C_LANGUAGE_STANDARD = gnu11;
				GCC_NO_COMMON_BLOCKS = YES;
				GCC_WARN_64_TO_32_BIT_CONVERSION = YES;
				GCC_WARN_ABOUT_RETURN_TYPE = YES_ERROR;
				GCC_WARN_UNDECLARED_SELECTOR = YES;
				GCC_WARN_UNINITIALIZED_AUTOS = YES_AGGRESSIVE;
				GCC_WARN_UNUSED_FUNCTION = YES;
				GCC_WARN_UNUSED_VARIABLE = YES;
				IPHONEOS_DEPLOYMENT_TARGET = 12.1;
				MTL_ENABLE_DEBUG_INFO = NO;
				MTL_FAST_MATH = YES;
				SDKROOT = iphoneos;
				SWIFT_COMPILATION_MODE = wholemodule;
				SWIFT_OPTIMIZATION_LEVEL = "-O";
				VALIDATE_PRODUCT = YES;
			};
			name = Release;
		};
		039F7AE421DF84E200127F0A /* Debug */ = {
			isa = XCBuildConfiguration;
			baseConfigurationReference = 35D3D8F75F36A93953D2D253 /* Pods-audio-recognizer.debug.xcconfig */;
			buildSettings = {
				ASSETCATALOG_COMPILER_APPICON_NAME = AppIcon;
				CODE_SIGN_STYLE = Automatic;
				DEVELOPMENT_TEAM = DL2AMM3ZF4;
				INFOPLIST_FILE = "audio-recognizer/Info.plist";
				LD_RUNPATH_SEARCH_PATHS = (
					"$(inherited)",
					"@executable_path/Frameworks",
				);
				PRODUCT_BUNDLE_IDENTIFIER = "leandro.audio-recognizer";
				PRODUCT_NAME = "$(TARGET_NAME)";
				SWIFT_VERSION = 4.2;
				TARGETED_DEVICE_FAMILY = "1,2";
			};
			name = Debug;
		};
		039F7AE521DF84E200127F0A /* Release */ = {
			isa = XCBuildConfiguration;
			baseConfigurationReference = 2DE86794A8B2528B4A5B8DC1 /* Pods-audio-recognizer.release.xcconfig */;
			buildSettings = {
				ASSETCATALOG_COMPILER_APPICON_NAME = AppIcon;
				CODE_SIGN_STYLE = Automatic;
				DEVELOPMENT_TEAM = DL2AMM3ZF4;
				INFOPLIST_FILE = "audio-recognizer/Info.plist";
				LD_RUNPATH_SEARCH_PATHS = (
					"$(inherited)",
					"@executable_path/Frameworks",
				);
				PRODUCT_BUNDLE_IDENTIFIER = "leandro.audio-recognizer";
				PRODUCT_NAME = "$(TARGET_NAME)";
				SWIFT_VERSION = 4.2;
				TARGETED_DEVICE_FAMILY = "1,2";
			};
			name = Release;
		};
		039F7AE721DF84E200127F0A /* Debug */ = {
			isa = XCBuildConfiguration;
			baseConfigurationReference = 4859E74487151E39295A512E /* Pods-audio-recognizerTests.debug.xcconfig */;
			buildSettings = {
				ALWAYS_EMBED_SWIFT_STANDARD_LIBRARIES = YES;
				BUNDLE_LOADER = "$(TEST_HOST)";
				CODE_SIGN_STYLE = Automatic;
				DEVELOPMENT_TEAM = DL2AMM3ZF4;
				INFOPLIST_FILE = "audio-recognizerTests/Info.plist";
				LD_RUNPATH_SEARCH_PATHS = (
					"$(inherited)",
					"@executable_path/Frameworks",
					"@loader_path/Frameworks",
				);
				PRODUCT_BUNDLE_IDENTIFIER = "leandro.audio-recognizerTests";
				PRODUCT_NAME = "$(TARGET_NAME)";
				SWIFT_VERSION = 4.2;
				TARGETED_DEVICE_FAMILY = "1,2";
				TEST_HOST = "$(BUILT_PRODUCTS_DIR)/audio-recognizer.app/audio-recognizer";
			};
			name = Debug;
		};
		039F7AE821DF84E200127F0A /* Release */ = {
			isa = XCBuildConfiguration;
			baseConfigurationReference = 5FA1E156243B1E436139C857 /* Pods-audio-recognizerTests.release.xcconfig */;
			buildSettings = {
				ALWAYS_EMBED_SWIFT_STANDARD_LIBRARIES = YES;
				BUNDLE_LOADER = "$(TEST_HOST)";
				CODE_SIGN_STYLE = Automatic;
				DEVELOPMENT_TEAM = DL2AMM3ZF4;
				INFOPLIST_FILE = "audio-recognizerTests/Info.plist";
				LD_RUNPATH_SEARCH_PATHS = (
					"$(inherited)",
					"@executable_path/Frameworks",
					"@loader_path/Frameworks",
				);
				PRODUCT_BUNDLE_IDENTIFIER = "leandro.audio-recognizerTests";
				PRODUCT_NAME = "$(TARGET_NAME)";
				SWIFT_VERSION = 4.2;
				TARGETED_DEVICE_FAMILY = "1,2";
				TEST_HOST = "$(BUILT_PRODUCTS_DIR)/audio-recognizer.app/audio-recognizer";
			};
			name = Release;
		};
		039F7AEA21DF84E200127F0A /* Debug */ = {
			isa = XCBuildConfiguration;
			baseConfigurationReference = 2D7B91F05AA9258A438B68E7 /* Pods-audio-recognizerUITests.debug.xcconfig */;
			buildSettings = {
				ALWAYS_EMBED_SWIFT_STANDARD_LIBRARIES = YES;
				CODE_SIGN_STYLE = Automatic;
				DEVELOPMENT_TEAM = DL2AMM3ZF4;
				INFOPLIST_FILE = "audio-recognizerUITests/Info.plist";
				LD_RUNPATH_SEARCH_PATHS = (
					"$(inherited)",
					"@executable_path/Frameworks",
					"@loader_path/Frameworks",
				);
				PRODUCT_BUNDLE_IDENTIFIER = "leandro.audio-recognizerUITests";
				PRODUCT_NAME = "$(TARGET_NAME)";
				SWIFT_VERSION = 4.2;
				TARGETED_DEVICE_FAMILY = "1,2";
				TEST_TARGET_NAME = "audio-recognizer";
			};
			name = Debug;
		};
		039F7AEB21DF84E200127F0A /* Release */ = {
			isa = XCBuildConfiguration;
			baseConfigurationReference = 7A05C3B10EBCD3EBBC52BEC3 /* Pods-audio-recognizerUITests.release.xcconfig */;
			buildSettings = {
				ALWAYS_EMBED_SWIFT_STANDARD_LIBRARIES = YES;
				CODE_SIGN_STYLE = Automatic;
				DEVELOPMENT_TEAM = DL2AMM3ZF4;
				INFOPLIST_FILE = "audio-recognizerUITests/Info.plist";
				LD_RUNPATH_SEARCH_PATHS = (
					"$(inherited)",
					"@executable_path/Frameworks",
					"@loader_path/Frameworks",
				);
				PRODUCT_BUNDLE_IDENTIFIER = "leandro.audio-recognizerUITests";
				PRODUCT_NAME = "$(TARGET_NAME)";
				SWIFT_VERSION = 4.2;
				TARGETED_DEVICE_FAMILY = "1,2";
				TEST_TARGET_NAME = "audio-recognizer";
			};
			name = Release;
		};
/* End XCBuildConfiguration section */

/* Begin XCConfigurationList section */
		039F7AB621DF84E200127F0A /* Build configuration list for PBXProject "audio-recognizer" */ = {
			isa = XCConfigurationList;
			buildConfigurations = (
				039F7AE121DF84E200127F0A /* Debug */,
				039F7AE221DF84E200127F0A /* Release */,
			);
			defaultConfigurationIsVisible = 0;
			defaultConfigurationName = Release;
		};
		039F7AE321DF84E200127F0A /* Build configuration list for PBXNativeTarget "audio-recognizer" */ = {
			isa = XCConfigurationList;
			buildConfigurations = (
				039F7AE421DF84E200127F0A /* Debug */,
				039F7AE521DF84E200127F0A /* Release */,
			);
			defaultConfigurationIsVisible = 0;
			defaultConfigurationName = Release;
		};
		039F7AE621DF84E200127F0A /* Build configuration list for PBXNativeTarget "audio-recognizerTests" */ = {
			isa = XCConfigurationList;
			buildConfigurations = (
				039F7AE721DF84E200127F0A /* Debug */,
				039F7AE821DF84E200127F0A /* Release */,
			);
			defaultConfigurationIsVisible = 0;
			defaultConfigurationName = Release;
		};
		039F7AE921DF84E200127F0A /* Build configuration list for PBXNativeTarget "audio-recognizerUITests" */ = {
			isa = XCConfigurationList;
			buildConfigurations = (
				039F7AEA21DF84E200127F0A /* Debug */,
				039F7AEB21DF84E200127F0A /* Release */,
			);
			defaultConfigurationIsVisible = 0;
			defaultConfigurationName = Release;
		};
/* End XCConfigurationList section */
	};
	rootObject = 039F7AB321DF84E200127F0A /* Project object */;
}
